
Microsoft Visual Studio Solution File, Format Version 12.00
# Visual Studio Version 17
VisualStudioVersion = 17.8.34525.116
MinimumVisualStudioVersion = 10.0.40219.1
Project("{FAE04EC0-301F-11D3-BF4B-00C04F79EFBC}") = "TestingRandomStuff", "TestingRandomStuff\TestingRandomStuff.csproj", "{7F4E5468-05D0-40CB-A9F8-D0EE9840683F}"
EndProject
Global
	GlobalSection(SolutionConfigurationPlatforms) = preSolution
		Debug|Any CPU = Debug|Any CPU
		Release|Any CPU = Release|Any CPU
	EndGlobalSection
	GlobalSection(ProjectConfigurationPlatforms) = postSolution
		{7F4E5468-05D0-40CB-A9F8-D0EE9840683F}.Debug|Any CPU.ActiveCfg = Debug|Any CPU
		{7F4E5468-05D0-40CB-A9F8-D0EE9840683F}.Debug|Any CPU.Build.0 = Debug|Any CPU
		{7F4E5468-05D0-40CB-A9F8-D0EE9840683F}.Release|Any CPU.ActiveCfg = Release|Any CPU
		{7F4E5468-05D0-40CB-A9F8-D0EE9840683F}.Release|Any CPU.Build.0 = Release|Any CPU
	EndGlobalSection
	GlobalSection(SolutionProperties) = preSolution
		HideSolutionNode = FALSE
	EndGlobalSection
	GlobalSection(ExtensibilityGlobals) = postSolution
		SolutionGuid = {1B59A7E4-9384-4993-9D5B-6915FC139D45}
	EndGlobalSection
EndGlobal
