
Microsoft Visual Studio Solution File, Format Version 12.00
# Visual Studio Version 17
VisualStudioVersion = 17.8.34525.116
MinimumVisualStudioVersion = 10.0.40219.1
Project("{FAE04EC0-301F-11D3-BF4B-00C04F79EFBC}") = "Opgave3-5", "Opgave3-5\Opgave3-5.csproj", "{E3204344-D98A-47D3-BF66-83026071B1A1}"
EndProject
Global
	GlobalSection(SolutionConfigurationPlatforms) = preSolution
		Debug|Any CPU = Debug|Any CPU
		Release|Any CPU = Release|Any CPU
	EndGlobalSection
	GlobalSection(ProjectConfigurationPlatforms) = postSolution
		{E3204344-D98A-47D3-BF66-83026071B1A1}.Debug|Any CPU.ActiveCfg = Debug|Any CPU
		{E3204344-D98A-47D3-BF66-83026071B1A1}.Debug|Any CPU.Build.0 = Debug|Any CPU
		{E3204344-D98A-47D3-BF66-83026071B1A1}.Release|Any CPU.ActiveCfg = Release|Any CPU
		{E3204344-D98A-47D3-BF66-83026071B1A1}.Release|Any CPU.Build.0 = Release|Any CPU
	EndGlobalSection
	GlobalSection(SolutionProperties) = preSolution
		HideSolutionNode = FALSE
	EndGlobalSection
	GlobalSection(ExtensibilityGlobals) = postSolution
		SolutionGuid = {8F8553D2-E3E0-434D-B77B-8C9E586D8055}
	EndGlobalSection
EndGlobal
