
Microsoft Visual Studio Solution File, Format Version 12.00
# Visual Studio Version 17
VisualStudioVersion = 17.8.34330.188
MinimumVisualStudioVersion = 10.0.40219.1
Project("{FAE04EC0-301F-11D3-BF4B-00C04F79EFBC}") = "HelloGithub", "HelloGithub\HelloGithub.csproj", "{27050D82-52FF-4C2B-8366-970ECBD31681}"
EndProject
Global
	GlobalSection(SolutionConfigurationPlatforms) = preSolution
		Debug|Any CPU = Debug|Any CPU
		Release|Any CPU = Release|Any CPU
	EndGlobalSection
	GlobalSection(ProjectConfigurationPlatforms) = postSolution
		{27050D82-52FF-4C2B-8366-970ECBD31681}.Debug|Any CPU.ActiveCfg = Debug|Any CPU
		{27050D82-52FF-4C2B-8366-970ECBD31681}.Debug|Any CPU.Build.0 = Debug|Any CPU
		{27050D82-52FF-4C2B-8366-970ECBD31681}.Release|Any CPU.ActiveCfg = Release|Any CPU
		{27050D82-52FF-4C2B-8366-970ECBD31681}.Release|Any CPU.Build.0 = Release|Any CPU
	EndGlobalSection
	GlobalSection(SolutionProperties) = preSolution
		HideSolutionNode = FALSE
	EndGlobalSection
	GlobalSection(ExtensibilityGlobals) = postSolution
		SolutionGuid = {C1C056E1-56F1-4FFD-92E0-4CCDBF9C3FD4}
	EndGlobalSection
EndGlobal
