
Microsoft Visual Studio Solution File, Format Version 12.00
# Visual Studio Version 17
VisualStudioVersion = 17.8.34525.116
MinimumVisualStudioVersion = 10.0.40219.1
Project("{FAE04EC0-301F-11D3-BF4B-00C04F79EFBC}") = "Opgave4-2", "Opgave4-2\Opgave4-2.csproj", "{8A472DFC-52E7-47B9-A3E5-1E5F10AE7625}"
EndProject
Global
	GlobalSection(SolutionConfigurationPlatforms) = preSolution
		Debug|Any CPU = Debug|Any CPU
		Release|Any CPU = Release|Any CPU
	EndGlobalSection
	GlobalSection(ProjectConfigurationPlatforms) = postSolution
		{8A472DFC-52E7-47B9-A3E5-1E5F10AE7625}.Debug|Any CPU.ActiveCfg = Debug|Any CPU
		{8A472DFC-52E7-47B9-A3E5-1E5F10AE7625}.Debug|Any CPU.Build.0 = Debug|Any CPU
		{8A472DFC-52E7-47B9-A3E5-1E5F10AE7625}.Release|Any CPU.ActiveCfg = Release|Any CPU
		{8A472DFC-52E7-47B9-A3E5-1E5F10AE7625}.Release|Any CPU.Build.0 = Release|Any CPU
	EndGlobalSection
	GlobalSection(SolutionProperties) = preSolution
		HideSolutionNode = FALSE
	EndGlobalSection
	GlobalSection(ExtensibilityGlobals) = postSolution
		SolutionGuid = {E2FCCBF8-1231-4A56-BB06-FBE6D0A3EE33}
	EndGlobalSection
EndGlobal
